
Microsoft Visual Studio Solution File, Format Version 12.00
# Visual Studio Version 17
VisualStudioVersion = 17.6.33801.468
MinimumVisualStudioVersion = 10.0.40219.1
Project("{9A19103F-16F7-4668-BE54-9A1E7A4F7556}") = "EasInoNetCoreAPI", "EasInoNETCore\EasInoNetCoreAPI\EasInoNetCoreAPI.csproj", "{D693DEF9-1F4E-498D-BA37-9DC9AC4FC534}"
EndProject
Project("{9A19103F-16F7-4668-BE54-9A1E7A4F7556}") = "EasInoNetCoreCLI", "EasInoNETCore\EasInoNetCoreCLI\EasInoNetCoreCLI.csproj", "{AE955521-06E8-4B52-9363-C889DF1FB6FB}"
EndProject
Project("{9A19103F-16F7-4668-BE54-9A1E7A4F7556}") = "EasInoNetCoreExamples", "EasInoNETCore\EasInoNetCoreExamples\EasInoNetCoreExamples.csproj", "{598F2C0D-1479-4631-BA3A-FF30275B85A3}"
EndProject
Project("{FAE04EC0-301F-11D3-BF4B-00C04F79EFBC}") = "EasInoNetCoreUnitTests", "EasInoNETCore\EasInoNetCoreUnitTests\EasInoNetCoreUnitTests.csproj", "{E3AB01B8-3543-4767-8064-277481C695C7}"
EndProject
Project("{FAE04EC0-301F-11D3-BF4B-00C04F79EFBC}") = "EasInoFWAPI", "EasInoNETFramework\EasInoFWAPI\EasInoFWAPI.csproj", "{E8FD5E09-D70E-46B0-B858-029A3EA0CE46}"
EndProject
Project("{FAE04EC0-301F-11D3-BF4B-00C04F79EFBC}") = "EasInoFWCLI", "EasInoNETFramework\EasInoFWCLI\EasInoFWCLI.csproj", "{AFEB7F30-6FCE-4AE7-90A1-A4E270AF50AE}"
EndProject
Project("{FAE04EC0-301F-11D3-BF4B-00C04F79EFBC}") = "EasInoFWExamples", "EasInoNETFramework\EasInoFWExamples\EasInoFWExamples.csproj", "{02A5D6AA-F9B6-454E-9B30-DEFC03E5F23D}"
EndProject
Project("{FAE04EC0-301F-11D3-BF4B-00C04F79EFBC}") = "EasInoFWUnitTests", "EasInoNETFramework\EasInoFWUnitTests\EasInoFWUnitTests.csproj", "{54D689C3-1B77-4C2F-82F5-603C1A967476}"
EndProject
Project("{2150E333-8FDC-42A3-9474-1A3956D46DE8}") = "EasInoNETFramework", "EasInoNETFramework", "{ABFEE6EA-2284-4C9D-B246-DF3649A51958}"
EndProject
Project("{2150E333-8FDC-42A3-9474-1A3956D46DE8}") = "EasInoNETCore", "EasInoNETCore", "{5ADA5A8D-51AE-4109-B3B6-7D4DA6B58605}"
EndProject
Global
	GlobalSection(SolutionConfigurationPlatforms) = preSolution
		Debug|Any CPU = Debug|Any CPU
		Debug|x64 = Debug|x64
		Debug|x86 = Debug|x86
		Release|Any CPU = Release|Any CPU
		Release|x64 = Release|x64
		Release|x86 = Release|x86
	EndGlobalSection
	GlobalSection(ProjectConfigurationPlatforms) = postSolution
		{D693DEF9-1F4E-498D-BA37-9DC9AC4FC534}.Debug|Any CPU.ActiveCfg = Debug|Any CPU
		{D693DEF9-1F4E-498D-BA37-9DC9AC4FC534}.Debug|Any CPU.Build.0 = Debug|Any CPU
		{D693DEF9-1F4E-498D-BA37-9DC9AC4FC534}.Debug|x64.ActiveCfg = Debug|Any CPU
		{D693DEF9-1F4E-498D-BA37-9DC9AC4FC534}.Debug|x64.Build.0 = Debug|Any CPU
		{D693DEF9-1F4E-498D-BA37-9DC9AC4FC534}.Debug|x86.ActiveCfg = Debug|Any CPU
		{D693DEF9-1F4E-498D-BA37-9DC9AC4FC534}.Debug|x86.Build.0 = Debug|Any CPU
		{D693DEF9-1F4E-498D-BA37-9DC9AC4FC534}.Release|Any CPU.ActiveCfg = Release|Any CPU
		{D693DEF9-1F4E-498D-BA37-9DC9AC4FC534}.Release|Any CPU.Build.0 = Release|Any CPU
		{D693DEF9-1F4E-498D-BA37-9DC9AC4FC534}.Release|x64.ActiveCfg = Release|Any CPU
		{D693DEF9-1F4E-498D-BA37-9DC9AC4FC534}.Release|x64.Build.0 = Release|Any CPU
		{D693DEF9-1F4E-498D-BA37-9DC9AC4FC534}.Release|x86.ActiveCfg = Release|Any CPU
		{D693DEF9-1F4E-498D-BA37-9DC9AC4FC534}.Release|x86.Build.0 = Release|Any CPU
		{AE955521-06E8-4B52-9363-C889DF1FB6FB}.Debug|Any CPU.ActiveCfg = Debug|Any CPU
		{AE955521-06E8-4B52-9363-C889DF1FB6FB}.Debug|Any CPU.Build.0 = Debug|Any CPU
		{AE955521-06E8-4B52-9363-C889DF1FB6FB}.Debug|x64.ActiveCfg = Debug|Any CPU
		{AE955521-06E8-4B52-9363-C889DF1FB6FB}.Debug|x64.Build.0 = Debug|Any CPU
		{AE955521-06E8-4B52-9363-C889DF1FB6FB}.Debug|x86.ActiveCfg = Debug|Any CPU
		{AE955521-06E8-4B52-9363-C889DF1FB6FB}.Debug|x86.Build.0 = Debug|Any CPU
		{AE955521-06E8-4B52-9363-C889DF1FB6FB}.Release|Any CPU.ActiveCfg = Release|Any CPU
		{AE955521-06E8-4B52-9363-C889DF1FB6FB}.Release|Any CPU.Build.0 = Release|Any CPU
		{AE955521-06E8-4B52-9363-C889DF1FB6FB}.Release|x64.ActiveCfg = Release|Any CPU
		{AE955521-06E8-4B52-9363-C889DF1FB6FB}.Release|x64.Build.0 = Release|Any CPU
		{AE955521-06E8-4B52-9363-C889DF1FB6FB}.Release|x86.ActiveCfg = Release|Any CPU
		{AE955521-06E8-4B52-9363-C889DF1FB6FB}.Release|x86.Build.0 = Release|Any CPU
		{598F2C0D-1479-4631-BA3A-FF30275B85A3}.Debug|Any CPU.ActiveCfg = Debug|Any CPU
		{598F2C0D-1479-4631-BA3A-FF30275B85A3}.Debug|Any CPU.Build.0 = Debug|Any CPU
		{598F2C0D-1479-4631-BA3A-FF30275B85A3}.Debug|x64.ActiveCfg = Debug|Any CPU
		{598F2C0D-1479-4631-BA3A-FF30275B85A3}.Debug|x64.Build.0 = Debug|Any CPU
		{598F2C0D-1479-4631-BA3A-FF30275B85A3}.Debug|x86.ActiveCfg = Debug|Any CPU
		{598F2C0D-1479-4631-BA3A-FF30275B85A3}.Debug|x86.Build.0 = Debug|Any CPU
		{598F2C0D-1479-4631-BA3A-FF30275B85A3}.Release|Any CPU.ActiveCfg = Release|Any CPU
		{598F2C0D-1479-4631-BA3A-FF30275B85A3}.Release|Any CPU.Build.0 = Release|Any CPU
		{598F2C0D-1479-4631-BA3A-FF30275B85A3}.Release|x64.ActiveCfg = Release|Any CPU
		{598F2C0D-1479-4631-BA3A-FF30275B85A3}.Release|x64.Build.0 = Release|Any CPU
		{598F2C0D-1479-4631-BA3A-FF30275B85A3}.Release|x86.ActiveCfg = Release|Any CPU
		{598F2C0D-1479-4631-BA3A-FF30275B85A3}.Release|x86.Build.0 = Release|Any CPU
		{E8FD5E09-D70E-46B0-B858-029A3EA0CE46}.Debug|Any CPU.ActiveCfg = Debug|Any CPU
		{E8FD5E09-D70E-46B0-B858-029A3EA0CE46}.Debug|Any CPU.Build.0 = Debug|Any CPU
		{E8FD5E09-D70E-46B0-B858-029A3EA0CE46}.Debug|x64.ActiveCfg = Debug|Any CPU
		{E8FD5E09-D70E-46B0-B858-029A3EA0CE46}.Debug|x64.Build.0 = Debug|Any CPU
		{E8FD5E09-D70E-46B0-B858-029A3EA0CE46}.Debug|x86.ActiveCfg = Debug|Any CPU
		{E8FD5E09-D70E-46B0-B858-029A3EA0CE46}.Debug|x86.Build.0 = Debug|Any CPU
		{E8FD5E09-D70E-46B0-B858-029A3EA0CE46}.Release|Any CPU.ActiveCfg = Release|Any CPU
		{E8FD5E09-D70E-46B0-B858-029A3EA0CE46}.Release|Any CPU.Build.0 = Release|Any CPU
		{E8FD5E09-D70E-46B0-B858-029A3EA0CE46}.Release|x64.ActiveCfg = Release|Any CPU
		{E8FD5E09-D70E-46B0-B858-029A3EA0CE46}.Release|x64.Build.0 = Release|Any CPU
		{E8FD5E09-D70E-46B0-B858-029A3EA0CE46}.Release|x86.ActiveCfg = Release|Any CPU
		{E8FD5E09-D70E-46B0-B858-029A3EA0CE46}.Release|x86.Build.0 = Release|Any CPU
		{AFEB7F30-6FCE-4AE7-90A1-A4E270AF50AE}.Debug|Any CPU.ActiveCfg = Debug|Any CPU
		{AFEB7F30-6FCE-4AE7-90A1-A4E270AF50AE}.Debug|Any CPU.Build.0 = Debug|Any CPU
		{AFEB7F30-6FCE-4AE7-90A1-A4E270AF50AE}.Debug|x64.ActiveCfg = Debug|Any CPU
		{AFEB7F30-6FCE-4AE7-90A1-A4E270AF50AE}.Debug|x64.Build.0 = Debug|Any CPU
		{AFEB7F30-6FCE-4AE7-90A1-A4E270AF50AE}.Debug|x86.ActiveCfg = Debug|Any CPU
		{AFEB7F30-6FCE-4AE7-90A1-A4E270AF50AE}.Debug|x86.Build.0 = Debug|Any CPU
		{AFEB7F30-6FCE-4AE7-90A1-A4E270AF50AE}.Release|Any CPU.ActiveCfg = Release|Any CPU
		{AFEB7F30-6FCE-4AE7-90A1-A4E270AF50AE}.Release|Any CPU.Build.0 = Release|Any CPU
		{AFEB7F30-6FCE-4AE7-90A1-A4E270AF50AE}.Release|x64.ActiveCfg = Release|Any CPU
		{AFEB7F30-6FCE-4AE7-90A1-A4E270AF50AE}.Release|x64.Build.0 = Release|Any CPU
		{AFEB7F30-6FCE-4AE7-90A1-A4E270AF50AE}.Release|x86.ActiveCfg = Release|Any CPU
		{AFEB7F30-6FCE-4AE7-90A1-A4E270AF50AE}.Release|x86.Build.0 = Release|Any CPU
		{02A5D6AA-F9B6-454E-9B30-DEFC03E5F23D}.Debug|Any CPU.ActiveCfg = Debug|Any CPU
		{02A5D6AA-F9B6-454E-9B30-DEFC03E5F23D}.Debug|Any CPU.Build.0 = Debug|Any CPU
		{02A5D6AA-F9B6-454E-9B30-DEFC03E5F23D}.Debug|x64.ActiveCfg = Debug|Any CPU
		{02A5D6AA-F9B6-454E-9B30-DEFC03E5F23D}.Debug|x64.Build.0 = Debug|Any CPU
		{02A5D6AA-F9B6-454E-9B30-DEFC03E5F23D}.Debug|x86.ActiveCfg = Debug|Any CPU
		{02A5D6AA-F9B6-454E-9B30-DEFC03E5F23D}.Debug|x86.Build.0 = Debug|Any CPU
		{02A5D6AA-F9B6-454E-9B30-DEFC03E5F23D}.Release|Any CPU.ActiveCfg = Release|Any CPU
		{02A5D6AA-F9B6-454E-9B30-DEFC03E5F23D}.Release|Any CPU.Build.0 = Release|Any CPU
		{02A5D6AA-F9B6-454E-9B30-DEFC03E5F23D}.Release|x64.ActiveCfg = Release|Any CPU
		{02A5D6AA-F9B6-454E-9B30-DEFC03E5F23D}.Release|x64.Build.0 = Release|Any CPU
		{02A5D6AA-F9B6-454E-9B30-DEFC03E5F23D}.Release|x86.ActiveCfg = Release|Any CPU
		{02A5D6AA-F9B6-454E-9B30-DEFC03E5F23D}.Release|x86.Build.0 = Release|Any CPU
		{54D689C3-1B77-4C2F-82F5-603C1A967476}.Debug|Any CPU.ActiveCfg = Debug|Any CPU
		{54D689C3-1B77-4C2F-82F5-603C1A967476}.Debug|Any CPU.Build.0 = Debug|Any CPU
		{54D689C3-1B77-4C2F-82F5-603C1A967476}.Debug|x64.ActiveCfg = Debug|Any CPU
		{54D689C3-1B77-4C2F-82F5-603C1A967476}.Debug|x64.Build.0 = Debug|Any CPU
		{54D689C3-1B77-4C2F-82F5-603C1A967476}.Debug|x86.ActiveCfg = Debug|Any CPU
		{54D689C3-1B77-4C2F-82F5-603C1A967476}.Debug|x86.Build.0 = Debug|Any CPU
		{54D689C3-1B77-4C2F-82F5-603C1A967476}.Release|Any CPU.ActiveCfg = Release|Any CPU
		{54D689C3-1B77-4C2F-82F5-603C1A967476}.Release|Any CPU.Build.0 = Release|Any CPU
		{54D689C3-1B77-4C2F-82F5-603C1A967476}.Release|x64.ActiveCfg = Release|Any CPU
		{54D689C3-1B77-4C2F-82F5-603C1A967476}.Release|x64.Build.0 = Release|Any CPU
		{54D689C3-1B77-4C2F-82F5-603C1A967476}.Release|x86.ActiveCfg = Release|Any CPU
		{54D689C3-1B77-4C2F-82F5-603C1A967476}.Release|x86.Build.0 = Release|Any CPU
		{E3AB01B8-3543-4767-8064-277481C695C7}.Debug|Any CPU.ActiveCfg = Debug|Any CPU
		{E3AB01B8-3543-4767-8064-277481C695C7}.Debug|Any CPU.Build.0 = Debug|Any CPU
		{E3AB01B8-3543-4767-8064-277481C695C7}.Debug|x64.ActiveCfg = Debug|Any CPU
		{E3AB01B8-3543-4767-8064-277481C695C7}.Debug|x64.Build.0 = Debug|Any CPU
		{E3AB01B8-3543-4767-8064-277481C695C7}.Debug|x86.ActiveCfg = Debug|Any CPU
		{E3AB01B8-3543-4767-8064-277481C695C7}.Debug|x86.Build.0 = Debug|Any CPU
		{E3AB01B8-3543-4767-8064-277481C695C7}.Release|Any CPU.ActiveCfg = Release|Any CPU
		{E3AB01B8-3543-4767-8064-277481C695C7}.Release|Any CPU.Build.0 = Release|Any CPU
		{E3AB01B8-3543-4767-8064-277481C695C7}.Release|x64.ActiveCfg = Release|Any CPU
		{E3AB01B8-3543-4767-8064-277481C695C7}.Release|x64.Build.0 = Release|Any CPU
		{E3AB01B8-3543-4767-8064-277481C695C7}.Release|x86.ActiveCfg = Release|Any CPU
		{E3AB01B8-3543-4767-8064-277481C695C7}.Release|x86.Build.0 = Release|Any CPU
	EndGlobalSection
	GlobalSection(SolutionProperties) = preSolution
		HideSolutionNode = FALSE
	EndGlobalSection
	GlobalSection(NestedProjects) = preSolution
		{D693DEF9-1F4E-498D-BA37-9DC9AC4FC534} = {5ADA5A8D-51AE-4109-B3B6-7D4DA6B58605}
		{AE955521-06E8-4B52-9363-C889DF1FB6FB} = {5ADA5A8D-51AE-4109-B3B6-7D4DA6B58605}
		{598F2C0D-1479-4631-BA3A-FF30275B85A3} = {5ADA5A8D-51AE-4109-B3B6-7D4DA6B58605}
		{E8FD5E09-D70E-46B0-B858-029A3EA0CE46} = {ABFEE6EA-2284-4C9D-B246-DF3649A51958}
		{AFEB7F30-6FCE-4AE7-90A1-A4E270AF50AE} = {ABFEE6EA-2284-4C9D-B246-DF3649A51958}
		{02A5D6AA-F9B6-454E-9B30-DEFC03E5F23D} = {ABFEE6EA-2284-4C9D-B246-DF3649A51958}
		{54D689C3-1B77-4C2F-82F5-603C1A967476} = {ABFEE6EA-2284-4C9D-B246-DF3649A51958}
		{E3AB01B8-3543-4767-8064-277481C695C7} = {5ADA5A8D-51AE-4109-B3B6-7D4DA6B58605}
	EndGlobalSection
	GlobalSection(ExtensibilityGlobals) = postSolution
		SolutionGuid = {A9C10834-0B38-4096-9C00-25EDCAAAA7D5}
	EndGlobalSection
EndGlobal
